
Microsoft Visual Studio Solution File, Format Version 12.00
# Visual Studio Version 17
VisualStudioVersion = 17.6.34031.178
MinimumVisualStudioVersion = 10.0.40219.1
Project("{FAE04EC0-301F-11D3-BF4B-00C04F79EFBC}") = "AppApi", "AppApi\AppApi.csproj", "{67776E59-618E-4882-BF42-3FADF828A60D}"
EndProject
Global
	GlobalSection(SolutionConfigurationPlatforms) = preSolution
		Debug|Any CPU = Debug|Any CPU
		Release|Any CPU = Release|Any CPU
	EndGlobalSection
	GlobalSection(ProjectConfigurationPlatforms) = postSolution
		{67776E59-618E-4882-BF42-3FADF828A60D}.Debug|Any CPU.ActiveCfg = Debug|Any CPU
		{67776E59-618E-4882-BF42-3FADF828A60D}.Debug|Any CPU.Build.0 = Debug|Any CPU
		{67776E59-618E-4882-BF42-3FADF828A60D}.Release|Any CPU.ActiveCfg = Release|Any CPU
		{67776E59-618E-4882-BF42-3FADF828A60D}.Release|Any CPU.Build.0 = Release|Any CPU
	EndGlobalSection
	GlobalSection(SolutionProperties) = preSolution
		HideSolutionNode = FALSE
	EndGlobalSection
	GlobalSection(ExtensibilityGlobals) = postSolution
		SolutionGuid = {E29CE8BC-E9B1-422D-A08C-C4353783320D}
	EndGlobalSection
EndGlobal
